// !$*UTF8*$!
{
	archiveVersion = 1;
	classes = {
	};
	objectVersion = 48;
	objects = {

/* Begin PBXBuildFile section */
		6F4CA9F01F7213BB001B710D /* AppDelegate.swift in Sources */ = {isa = PBXBuildFile; fileRef = 6F4CA9EF1F7213BB001B710D /* AppDelegate.swift */; };
		6F4CA9F21F7213BB001B710D /* ViewController.swift in Sources */ = {isa = PBXBuildFile; fileRef = 6F4CA9F11F7213BB001B710D /* ViewController.swift */; };
		6F4CA9F51F7213BB001B710D /* Main.storyboard in Resources */ = {isa = PBXBuildFile; fileRef = 6F4CA9F31F7213BB001B710D /* Main.storyboard */; };
		6F4CA9F71F7213BB001B710D /* Assets.xcassets in Resources */ = {isa = PBXBuildFile; fileRef = 6F4CA9F61F7213BB001B710D /* Assets.xcassets */; };
		6F4CA9FA1F7213BB001B710D /* LaunchScreen.storyboard in Resources */ = {isa = PBXBuildFile; fileRef = 6F4CA9F81F7213BB001B710D /* LaunchScreen.storyboard */; };
/* End PBXBuildFile section */

/* Begin PBXFileReference section */
		6F4CA9EC1F7213BB001B710D /* To DO List.app */ = {isa = PBXFileReference; explicitFileType = wrapper.application; includeInIndex = 0; path = "To DO List.app"; sourceTree = BUILT_PRODUCTS_DIR; };
		6F4CA9EF1F7213BB001B710D /* AppDelegate.swift */ = {isa = PBXFileReference; lastKnownFileType = sourcecode.swift; path = AppDelegate.swift; sourceTree = "<group>"; };
		6F4CA9F11F7213BB001B710D /* ViewController.swift */ = {isa = PBXFileReference; lastKnownFileType = sourcecode.swift; path = ViewController.swift; sourceTree = "<group>"; };
		6F4CA9F41F7213BB001B710D /* Base */ = {isa = PBXFileReference; lastKnownFileType = file.storyboard; name = Base; path = Base.lproj/Main.storyboard; sourceTree = "<group>"; };
		6F4CA9F61F7213BB001B710D /* Assets.xcassets */ = {isa = PBXFileReference; lastKnownFileType = folder.assetcatalog; path = Assets.xcassets; sourceTree = "<group>"; };
		6F4CA9F91F7213BB001B710D /* Base */ = {isa = PBXFileReference; lastKnownFileType = file.storyboard; name = Base; path = Base.lproj/LaunchScreen.storyboard; sourceTree = "<group>"; };
		6F4CA9FB1F7213BB001B710D /* Info.plist */ = {isa = PBXFileReference; lastKnownFileType = text.plist.xml; path = Info.plist; sourceTree = "<group>"; };
/* End PBXFileReference section */

/* Begin PBXFrameworksBuildPhase section */
		6F4CA9E91F7213BB001B710D /* Frameworks */ = {
			isa = PBXFrameworksBuildPhase;
			buildActionMask = 2147483647;
			files = (
			);
			runOnlyForDeploymentPostprocessing = 0;
		};
/* End PBXFrameworksBuildPhase section */

/* Begin PBXGroup section */
		6F4CA9E31F7213BB001B710D = {
			isa = PBXGroup;
			children = (
				6F4CA9EE1F7213BB001B710D /* To DO List */,
				6F4CA9ED1F7213BB001B710D /* Products */,
			);
			sourceTree = "<group>";
		};
		6F4CA9ED1F7213BB001B710D /* Products */ = {
			isa = PBXGroup;
			children = (
				6F4CA9EC1F7213BB001B710D /* To DO List.app */,
			);
			name = Products;
			sourceTree = "<group>";
		};
		6F4CA9EE1F7213BB001B710D /* To DO List */ = {
			isa = PBXGroup;
			children = (
				6F4CA9EF1F7213BB001B710D /* AppDelegate.swift */,
				6F4CA9F11F7213BB001B710D /* ViewController.swift */,
				6F4CA9F31F7213BB001B710D /* Main.storyboard */,
				6F4CA9F61F7213BB001B710D /* Assets.xcassets */,
				6F4CA9F81F7213BB001B710D /* LaunchScreen.storyboard */,
				6F4CA9FB1F7213BB001B710D /* Info.plist */,
			);
			path = "To DO List";
			sourceTree = "<group>";
		};
/* End PBXGroup section */

/* Begin PBXNativeTarget section */
		6F4CA9EB1F7213BB001B710D /* To DO List */ = {
			isa = PBXNativeTarget;
			buildConfigurationList = 6F4CA9FE1F7213BB001B710D /* Build configuration list for PBXNativeTarget "To DO List" */;
			buildPhases = (
				6F4CA9E81F7213BB001B710D /* Sources */,
				6F4CA9E91F7213BB001B710D /* Frameworks */,
				6F4CA9EA1F7213BB001B710D /* Resources */,
			);
			buildRules = (
			);
			dependencies = (
			);
			name = "To DO List";
			productName = "To DO List";
			productReference = 6F4CA9EC1F7213BB001B710D /* To DO List.app */;
			productType = "com.apple.product-type.application";
		};
/* End PBXNativeTarget section */

/* Begin PBXProject section */
		6F4CA9E41F7213BB001B710D /* Project object */ = {
			isa = PBXProject;
			attributes = {
				LastSwiftUpdateCheck = 0900;
				LastUpgradeCheck = 0900;
				ORGANIZATIONNAME = Wilner;
				TargetAttributes = {
					6F4CA9EB1F7213BB001B710D = {
						CreatedOnToolsVersion = 9.0;
						ProvisioningStyle = Automatic;
					};
				};
			};
			buildConfigurationList = 6F4CA9E71F7213BB001B710D /* Build configuration list for PBXProject "To DO List" */;
			compatibilityVersion = "Xcode 8.0";
			developmentRegion = en;
			hasScannedForEncodings = 0;
			knownRegions = (
				en,
				Base,
			);
			mainGroup = 6F4CA9E31F7213BB001B710D;
			productRefGroup = 6F4CA9ED1F7213BB001B710D /* Products */;
			projectDirPath = "";
			projectRoot = "";
			targets = (
				6F4CA9EB1F7213BB001B710D /* To DO List */,
			);
		};
/* End PBXProject section */

/* Begin PBXResourcesBuildPhase section */
		6F4CA9EA1F7213BB001B710D /* Resources */ = {
			isa = PBXResourcesBuildPhase;
			buildActionMask = 2147483647;
			files = (
				6F4CA9FA1F7213BB001B710D /* LaunchScreen.storyboard in Resources */,
				6F4CA9F71F7213BB001B710D /* Assets.xcassets in Resources */,
				6F4CA9F51F7213BB001B710D /* Main.storyboard in Resources */,
			);
			runOnlyForDeploymentPostprocessing = 0;
		};
/* End PBXResourcesBuildPhase section */

/* Begin PBXSourcesBuildPhase section */
		6F4CA9E81F7213BB001B710D /* Sources */ = {
			isa = PBXSourcesBuildPhase;
			buildActionMask = 2147483647;
			files = (
				6F4CA9F21F7213BB001B710D /* ViewController.swift in Sources */,
				6F4CA9F01F7213BB001B710D /* AppDelegate.swift in Sources */,
			);
			runOnlyForDeploymentPostprocessing = 0;
		};
/* End PBXSourcesBuildPhase section */

/* Begin PBXVariantGroup section */
		6F4CA9F31F7213BB001B710D /* Main.storyboard */ = {
			isa = PBXVariantGroup;
			children = (
				6F4CA9F41F7213BB001B710D /* Base */,
			);
			name = Main.storyboard;
			sourceTree = "<group>";
		};
		6F4CA9F81F7213BB001B710D /* LaunchScreen.storyboard */ = {
			isa = PBXVariantGroup;
			children = (
				6F4CA9F91F7213BB001B710D /* Base */,
			);
			name = LaunchScreen.storyboard;
			sourceTree = "<group>";
		};
/* End PBXVariantGroup section */

/* Begin XCBuildConfiguration section */
		6F4CA9FC1F7213BB001B710D /* Debug */ = {
			isa = XCBuildConfiguration;
			buildSettings = {
				ALWAYS_SEARCH_USER_PATHS = NO;
				CLANG_ANALYZER_NONNULL = YES;
				CLANG_ANALYZER_NUMBER_OBJECT_CONVERSION = YES_AGGRESSIVE;
				CLANG_CXX_LANGUAGE_STANDARD = "gnu++14";
				CLANG_CXX_LIBRARY = "libc++";
				CLANG_ENABLE_MODULES = YES;
				CLANG_ENABLE_OBJC_ARC = YES;
				CLANG_WARN_BLOCK_CAPTURE_AUTORELEASING = YES;
				CLANG_WARN_BOOL_CONVERSION = YES;
				CLANG_WARN_COMMA = YES;
				CLANG_WARN_CONSTANT_CONVERSION = YES;
				CLANG_WARN_DIRECT_OBJC_ISA_USAGE = YES_ERROR;
				CLANG_WARN_DOCUMENTATION_COMMENTS = YES;
				CLANG_WARN_EMPTY_BODY = YES;
				CLANG_WARN_ENUM_CONVERSION = YES;
				CLANG_WARN_INFINITE_RECURSION = YES;
				CLANG_WARN_INT_CONVERSION = YES;
				CLANG_WARN_NON_LITERAL_NULL_CONVERSION = YES;
				CLANG_WARN_OBJC_LITERAL_CONVERSION = YES;
				CLANG_WARN_OBJC_ROOT_CLASS = YES_ERROR;
				CLANG_WARN_RANGE_LOOP_ANALYSIS = YES;
				CLANG_WARN_STRICT_PROTOTYPES = YES;
				CLANG_WARN_SUSPICIOUS_MOVE = YES;
				CLANG_WARN_UNGUARDED_AVAILABILITY = YES_AGGRESSIVE;
				CLANG_WARN_UNREACHABLE_CODE = YES;
				CLANG_WARN__DUPLICATE_METHOD_MATCH = YES;
				CODE_SIGN_IDENTITY = "iPhone Developer";
				COPY_PHASE_STRIP = NO;
				DEBUG_INFORMATION_FORMAT = dwarf;
				ENABLE_STRICT_OBJC_MSGSEND = YES;
				ENABLE_TESTABILITY = YES;
				GCC_C_LANGUAGE_STANDARD = gnu11;
				GCC_DYNAMIC_NO_PIC = NO;
				GCC_NO_COMMON_BLOCKS = YES;
				GCC_OPTIMIZATION_LEVEL = 0;
				GCC_PREPROCESSOR_DEFINITIONS = (
					"DEBUG=1",
					"$(inherited)",
				);
				GCC_WARN_64_TO_32_BIT_CONVERSION = YES;
				GCC_WARN_ABOUT_RETURN_TYPE = YES_ERROR;
				GCC_WARN_UNDECLARED_SELECTOR = YES;
				GCC_WARN_UNINITIALIZED_AUTOS = YES_AGGRESSIVE;
				GCC_WARN_UNUSED_FUNCTION = YES;
				GCC_WARN_UNUSED_VARIABLE = YES;
				IPHONEOS_DEPLOYMENT_TARGET = 11.0;
				MTL_ENABLE_DEBUG_INFO = YES;
				ONLY_ACTIVE_ARCH = YES;
				SDKROOT = iphoneos;
				SWIFT_ACTIVE_COMPILATION_CONDITIONS = DEBUG;
				SWIFT_OPTIMIZATION_LEVEL = "-Onone";
			};
			name = Debug;
		};
		6F4CA9FD1F7213BB001B710D /* Release */ = {
			isa = XCBuildConfiguration;
			buildSettings = {
				ALWAYS_SEARCH_USER_PATHS = NO;
				CLANG_ANALYZER_NONNULL = YES;
				CLANG_ANALYZER_NUMBER_OBJECT_CONVERSION = YES_AGGRESSIVE;
				CLANG_CXX_LANGUAGE_STANDARD = "gnu++14";
				CLANG_CXX_LIBRARY = "libc++";
				CLANG_ENABLE_MODULES = YES;
				CLANG_ENABLE_OBJC_ARC = YES;
				CLANG_WARN_BLOCK_CAPTURE_AUTORELEASING = YES;
				CLANG_WARN_BOOL_CONVERSION = YES;
				CLANG_WARN_COMMA = YES;
				CLANG_WARN_CONSTANT_CONVERSION = YES;
				CLANG_WARN_DIRECT_OBJC_ISA_USAGE = YES_ERROR;
				CLANG_WARN_DOCUMENTATION_COMMENTS = YES;
				CLANG_WARN_EMPTY_BODY = YES;
				CLANG_WARN_ENUM_CONVERSION = YES;
				CLANG_WARN_INFINITE_RECURSION = YES;
				CLANG_WARN_INT_CONVERSION = YES;
				CLANG_WARN_NON_LITERAL_NULL_CONVERSION = YES;
				CLANG_WARN_OBJC_LITERAL_CONVERSION = YES;
				CLANG_WARN_OBJC_ROOT_CLASS = YES_ERROR;
				CLANG_WARN_RANGE_LOOP_ANALYSIS = YES;
				CLANG_WARN_STRICT_PROTOTYPES = YES;
				CLANG_WARN_SUSPICIOUS_MOVE = YES;
				CLANG_WARN_UNGUARDED_AVAILABILITY = YES_AGGRESSIVE;
				CLANG_WARN_UNREACHABLE_CODE = YES;
				CLANG_WARN__DUPLICATE_METHOD_MATCH = YES;
				CODE_SIGN_IDENTITY = "iPhone Developer";
				COPY_PHASE_STRIP = NO;
				DEBUG_INFORMATION_FORMAT = "dwarf-with-dsym";
				ENABLE_NS_ASSERTIONS = NO;
				ENABLE_STRICT_OBJC_MSGSEND = YES;
				GCC_C_LANGUAGE_STANDARD = gnu11;
				GCC_NO_COMMON_BLOCKS = YES;
				GCC_WARN_64_TO_32_BIT_CONVERSION = YES;
				GCC_WARN_ABOUT_RETURN_TYPE = YES_ERROR;
				GCC_WARN_UNDECLARED_SELECTOR = YES;
				GCC_WARN_UNINITIALIZED_AUTOS = YES_AGGRESSIVE;
				GCC_WARN_UNUSED_FUNCTION = YES;
				GCC_WARN_UNUSED_VARIABLE = YES;
				IPHONEOS_DEPLOYMENT_TARGET = 11.0;
				MTL_ENABLE_DEBUG_INFO = NO;
				SDKROOT = iphoneos;
				SWIFT_OPTIMIZATION_LEVEL = "-Owholemodule";
				VALIDATE_PRODUCT = YES;
			};
			name = Release;
		};
		6F4CA9FF1F7213BB001B710D /* Debug */ = {
			isa = XCBuildConfiguration;
			buildSettings = {
				ASSETCATALOG_COMPILER_APPICON_NAME = AppIcon;
				CODE_SIGN_STYLE = Automatic;
				DEVELOPMENT_TEAM = QBP73YSYUZ;
				INFOPLIST_FILE = "To DO List/Info.plist";
				LD_RUNPATH_SEARCH_PATHS = "$(inherited) @executable_path/Frameworks";
				PRODUCT_BUNDLE_IDENTIFIER = "com.wilner.To-DO-List";
				PRODUCT_NAME = "$(TARGET_NAME)";
				SWIFT_VERSION = 4.0;
				TARGETED_DEVICE_FAMILY = "1,2";
			};
			name = Debug;
		};
		6F4CAA001F7213BB001B710D /* Release */ = {
			isa = XCBuildConfiguration;
			buildSettings = {
				ASSETCATALOG_COMPILER_APPICON_NAME = AppIcon;
				CODE_SIGN_STYLE = Automatic;
				DEVELOPMENT_TEAM = QBP73YSYUZ;
				INFOPLIST_FILE = "To DO List/Info.plist";
				LD_RUNPATH_SEARCH_PATHS = "$(inherited) @executable_path/Frameworks";
				PRODUCT_BUNDLE_IDENTIFIER = "com.wilner.To-DO-List";
				PRODUCT_NAME = "$(TARGET_NAME)";
				SWIFT_VERSION = 4.0;
				TARGETED_DEVICE_FAMILY = "1,2";
			};
			name = Release;
		};
/* End XCBuildConfiguration section */

/* Begin XCConfigurationList section */
		6F4CA9E71F7213BB001B710D /* Build configuration list for PBXProject "To DO List" */ = {
			isa = XCConfigurationList;
			buildConfigurations = (
				6F4CA9FC1F7213BB001B710D /* Debug */,
				6F4CA9FD1F7213BB001B710D /* Release */,
			);
			defaultConfigurationIsVisible = 0;
			defaultConfigurationName = Release;
		};
		6F4CA9FE1F7213BB001B710D /* Build configuration list for PBXNativeTarget "To DO List" */ = {
			isa = XCConfigurationList;
			buildConfigurations = (
				6F4CA9FF1F7213BB001B710D /* Debug */,
				6F4CAA001F7213BB001B710D /* Release */,
			);
			defaultConfigurationIsVisible = 0;
			defaultConfigurationName = Release;
		};
/* End XCConfigurationList section */
	};
	rootObject = 6F4CA9E41F7213BB001B710D /* Project object */;
}
